// !$*UTF8*$!
{
	archiveVersion = 1;
	classes = {
	};
	objectVersion = 51;
	objects = {

/* Begin PBXBuildFile section */
		8D48926224802C2B00708BF2 /* AppDelegate.swift in Sources */ = {isa = PBXBuildFile; fileRef = 8D48926124802C2B00708BF2 /* AppDelegate.swift */; };
		8D48926424802C2B00708BF2 /* SceneDelegate.swift in Sources */ = {isa = PBXBuildFile; fileRef = 8D48926324802C2B00708BF2 /* SceneDelegate.swift */; };
		8D48926624802C2B00708BF2 /* ContentView.swift in Sources */ = {isa = PBXBuildFile; fileRef = 8D48926524802C2B00708BF2 /* ContentView.swift */; };
		8D48926824802C2D00708BF2 /* Assets.xcassets in Resources */ = {isa = PBXBuildFile; fileRef = 8D48926724802C2D00708BF2 /* Assets.xcassets */; };
		8D48926B24802C2D00708BF2 /* Preview Assets.xcassets in Resources */ = {isa = PBXBuildFile; fileRef = 8D48926A24802C2D00708BF2 /* Preview Assets.xcassets */; };
		8D48926E24802C2D00708BF2 /* LaunchScreen.storyboard in Resources */ = {isa = PBXBuildFile; fileRef = 8D48926C24802C2D00708BF2 /* LaunchScreen.storyboard */; };
		8D48927724802C4800708BF2 /* LoginView.swift in Sources */ = {isa = PBXBuildFile; fileRef = 8D48927624802C4800708BF2 /* LoginView.swift */; };
		8D48927E24806B5100708BF2 /* GoogleService-Info.plist in Resources */ = {isa = PBXBuildFile; fileRef = 8D48927D24806B5100708BF2 /* GoogleService-Info.plist */; };
		8D48928124806CF400708BF2 /* SessionStore.swift in Sources */ = {isa = PBXBuildFile; fileRef = 8D48928024806CF400708BF2 /* SessionStore.swift */; };
		8D55C99C2489EEF200050546 /* SubSelectionsView.swift in Sources */ = {isa = PBXBuildFile; fileRef = 8D55C99B2489EEF200050546 /* SubSelectionsView.swift */; };
		8D55C99E2489EF1200050546 /* MiddleView.swift in Sources */ = {isa = PBXBuildFile; fileRef = 8D55C99D2489EF1200050546 /* MiddleView.swift */; };
		8D55C9A02489EF3000050546 /* SearchBarAndFilterView.swift in Sources */ = {isa = PBXBuildFile; fileRef = 8D55C99F2489EF3000050546 /* SearchBarAndFilterView.swift */; };
		8D8DFBC0248183710063F2E6 /* SignInWithAppleButton.swift in Sources */ = {isa = PBXBuildFile; fileRef = 8D8DFBBF248183710063F2E6 /* SignInWithAppleButton.swift */; };
		8D8DFBC624818F9D0063F2E6 /* SignInWithAppleCoordinator.swift in Sources */ = {isa = PBXBuildFile; fileRef = 8D8DFBC524818F9D0063F2E6 /* SignInWithAppleCoordinator.swift */; };
		8D8DFBC82481AFD40063F2E6 /* SignUpSectionView.swift in Sources */ = {isa = PBXBuildFile; fileRef = 8D8DFBC72481AFD40063F2E6 /* SignUpSectionView.swift */; };
		8D8DFBCA2481B0000063F2E6 /* SignInView.swift in Sources */ = {isa = PBXBuildFile; fileRef = 8D8DFBC92481B0000063F2E6 /* SignInView.swift */; };
		8D8DFBCC2481B02E0063F2E6 /* SignInWithSocialAccounts.swift in Sources */ = {isa = PBXBuildFile; fileRef = 8D8DFBCB2481B02E0063F2E6 /* SignInWithSocialAccounts.swift */; };
		8D8DFBCE2481B04E0063F2E6 /* SignInAndSignUpView.swift in Sources */ = {isa = PBXBuildFile; fileRef = 8D8DFBCD2481B04E0063F2E6 /* SignInAndSignUpView.swift */; };
		8D8DFBD32481C3160063F2E6 /* loading.json in Resources */ = {isa = PBXBuildFile; fileRef = 8D8DFBD22481C3160063F2E6 /* loading.json */; };
		8D8DFBD52481C3240063F2E6 /* LottieView.swift in Sources */ = {isa = PBXBuildFile; fileRef = 8D8DFBD42481C3240063F2E6 /* LottieView.swift */; };
		8D8DFBD72481C5A30063F2E6 /* LoadingView.swift in Sources */ = {isa = PBXBuildFile; fileRef = 8D8DFBD62481C5A30063F2E6 /* LoadingView.swift */; };
		8D93D5842481E1D900EA7360 /* loading1.json in Resources */ = {isa = PBXBuildFile; fileRef = 8D93D5832481E1D900EA7360 /* loading1.json */; };
		8D93D5862484A7F600EA7360 /* loading3.json in Resources */ = {isa = PBXBuildFile; fileRef = 8D93D5852484A7F600EA7360 /* loading3.json */; };
		8D93D5882484A8C000EA7360 /* FavoritesView.swift in Sources */ = {isa = PBXBuildFile; fileRef = 8D93D5872484A8C000EA7360 /* FavoritesView.swift */; };
		8D93D58A2484A8E400EA7360 /* CouponsView.swift in Sources */ = {isa = PBXBuildFile; fileRef = 8D93D5892484A8E400EA7360 /* CouponsView.swift */; };
		8D93D58C2484A8FA00EA7360 /* ShoppingListView.swift in Sources */ = {isa = PBXBuildFile; fileRef = 8D93D58B2484A8FA00EA7360 /* ShoppingListView.swift */; };
		8D93D58E2484A91300EA7360 /* ShoppingCardView.swift in Sources */ = {isa = PBXBuildFile; fileRef = 8D93D58D2484A91300EA7360 /* ShoppingCardView.swift */; };
		8D93D5912484A96200EA7360 /* MarketView.swift in Sources */ = {isa = PBXBuildFile; fileRef = 8D93D5902484A96200EA7360 /* MarketView.swift */; };
		8D93D5992484BDEB00EA7360 /* MainTabView.swift in Sources */ = {isa = PBXBuildFile; fileRef = 8D93D5982484BDEB00EA7360 /* MainTabView.swift */; };
		8DD8DCEB24809F1F00B216A7 /* SocialLogin.swift in Sources */ = {isa = PBXBuildFile; fileRef = 8DD8DCEA24809F1F00B216A7 /* SocialLogin.swift */; };
		90FFB2FCC57701A4A70AC011 /* Pods_Green.framework in Frameworks */ = {isa = PBXBuildFile; fileRef = C1C6D28F206049A11C6226B3 /* Pods_Green.framework */; };
/* End PBXBuildFile section */

/* Begin PBXFileReference section */
		54B4B631DBA70B7B82B21DA5 /* Pods-Green.release.xcconfig */ = {isa = PBXFileReference; includeInIndex = 1; lastKnownFileType = text.xcconfig; name = "Pods-Green.release.xcconfig"; path = "Target Support Files/Pods-Green/Pods-Green.release.xcconfig"; sourceTree = "<group>"; };
		69530609854CB1ACCA870381 /* Pods-Green.debug.xcconfig */ = {isa = PBXFileReference; includeInIndex = 1; lastKnownFileType = text.xcconfig; name = "Pods-Green.debug.xcconfig"; path = "Target Support Files/Pods-Green/Pods-Green.debug.xcconfig"; sourceTree = "<group>"; };
		8D48925E24802C2B00708BF2 /* Green.app */ = {isa = PBXFileReference; explicitFileType = wrapper.application; includeInIndex = 0; path = Green.app; sourceTree = BUILT_PRODUCTS_DIR; };
		8D48926124802C2B00708BF2 /* AppDelegate.swift */ = {isa = PBXFileReference; lastKnownFileType = sourcecode.swift; path = AppDelegate.swift; sourceTree = "<group>"; };
		8D48926324802C2B00708BF2 /* SceneDelegate.swift */ = {isa = PBXFileReference; lastKnownFileType = sourcecode.swift; path = SceneDelegate.swift; sourceTree = "<group>"; };
		8D48926524802C2B00708BF2 /* ContentView.swift */ = {isa = PBXFileReference; lastKnownFileType = sourcecode.swift; path = ContentView.swift; sourceTree = "<group>"; };
		8D48926724802C2D00708BF2 /* Assets.xcassets */ = {isa = PBXFileReference; lastKnownFileType = folder.assetcatalog; path = Assets.xcassets; sourceTree = "<group>"; };
		8D48926A24802C2D00708BF2 /* Preview Assets.xcassets */ = {isa = PBXFileReference; lastKnownFileType = folder.assetcatalog; path = "Preview Assets.xcassets"; sourceTree = "<group>"; };
		8D48926D24802C2D00708BF2 /* Base */ = {isa = PBXFileReference; lastKnownFileType = file.storyboard; name = Base; path = Base.lproj/LaunchScreen.storyboard; sourceTree = "<group>"; };
		8D48926F24802C2D00708BF2 /* Info.plist */ = {isa = PBXFileReference; lastKnownFileType = text.plist.xml; path = Info.plist; sourceTree = "<group>"; };
		8D48927624802C4800708BF2 /* LoginView.swift */ = {isa = PBXFileReference; lastKnownFileType = sourcecode.swift; path = LoginView.swift; sourceTree = "<group>"; };
		8D48927D24806B5100708BF2 /* GoogleService-Info.plist */ = {isa = PBXFileReference; fileEncoding = 4; lastKnownFileType = text.plist.xml; path = "GoogleService-Info.plist"; sourceTree = "<group>"; };
		8D48928024806CF400708BF2 /* SessionStore.swift */ = {isa = PBXFileReference; lastKnownFileType = sourcecode.swift; path = SessionStore.swift; sourceTree = "<group>"; };
		8D55C99B2489EEF200050546 /* SubSelectionsView.swift */ = {isa = PBXFileReference; lastKnownFileType = sourcecode.swift; path = SubSelectionsView.swift; sourceTree = "<group>"; };
		8D55C99D2489EF1200050546 /* MiddleView.swift */ = {isa = PBXFileReference; lastKnownFileType = sourcecode.swift; path = MiddleView.swift; sourceTree = "<group>"; };
		8D55C99F2489EF3000050546 /* SearchBarAndFilterView.swift */ = {isa = PBXFileReference; lastKnownFileType = sourcecode.swift; path = SearchBarAndFilterView.swift; sourceTree = "<group>"; };
		8D8DFBBE248182CE0063F2E6 /* Green.entitlements */ = {isa = PBXFileReference; lastKnownFileType = text.plist.entitlements; path = Green.entitlements; sourceTree = "<group>"; };
		8D8DFBBF248183710063F2E6 /* SignInWithAppleButton.swift */ = {isa = PBXFileReference; lastKnownFileType = sourcecode.swift; path = SignInWithAppleButton.swift; sourceTree = "<group>"; };
		8D8DFBC524818F9D0063F2E6 /* SignInWithAppleCoordinator.swift */ = {isa = PBXFileReference; lastKnownFileType = sourcecode.swift; path = SignInWithAppleCoordinator.swift; sourceTree = "<group>"; };
		8D8DFBC72481AFD40063F2E6 /* SignUpSectionView.swift */ = {isa = PBXFileReference; lastKnownFileType = sourcecode.swift; path = SignUpSectionView.swift; sourceTree = "<group>"; };
		8D8DFBC92481B0000063F2E6 /* SignInView.swift */ = {isa = PBXFileReference; lastKnownFileType = sourcecode.swift; path = SignInView.swift; sourceTree = "<group>"; };
		8D8DFBCB2481B02E0063F2E6 /* SignInWithSocialAccounts.swift */ = {isa = PBXFileReference; lastKnownFileType = sourcecode.swift; path = SignInWithSocialAccounts.swift; sourceTree = "<group>"; };
		8D8DFBCD2481B04E0063F2E6 /* SignInAndSignUpView.swift */ = {isa = PBXFileReference; lastKnownFileType = sourcecode.swift; path = SignInAndSignUpView.swift; sourceTree = "<group>"; };
		8D8DFBD22481C3160063F2E6 /* loading.json */ = {isa = PBXFileReference; fileEncoding = 4; lastKnownFileType = text.json; path = loading.json; sourceTree = "<group>"; };
		8D8DFBD42481C3240063F2E6 /* LottieView.swift */ = {isa = PBXFileReference; lastKnownFileType = sourcecode.swift; path = LottieView.swift; sourceTree = "<group>"; };
		8D8DFBD62481C5A30063F2E6 /* LoadingView.swift */ = {isa = PBXFileReference; lastKnownFileType = sourcecode.swift; name = LoadingView.swift; path = ../LoadingView.swift; sourceTree = "<group>"; };
		8D93D5832481E1D900EA7360 /* loading1.json */ = {isa = PBXFileReference; fileEncoding = 4; lastKnownFileType = text.json; path = loading1.json; sourceTree = "<group>"; };
		8D93D5852484A7F600EA7360 /* loading3.json */ = {isa = PBXFileReference; fileEncoding = 4; lastKnownFileType = text.json; path = loading3.json; sourceTree = "<group>"; };
		8D93D5872484A8C000EA7360 /* FavoritesView.swift */ = {isa = PBXFileReference; lastKnownFileType = sourcecode.swift; path = FavoritesView.swift; sourceTree = "<group>"; };
		8D93D5892484A8E400EA7360 /* CouponsView.swift */ = {isa = PBXFileReference; lastKnownFileType = sourcecode.swift; path = CouponsView.swift; sourceTree = "<group>"; };
		8D93D58B2484A8FA00EA7360 /* ShoppingListView.swift */ = {isa = PBXFileReference; lastKnownFileType = sourcecode.swift; path = ShoppingListView.swift; sourceTree = "<group>"; };
		8D93D58D2484A91300EA7360 /* ShoppingCardView.swift */ = {isa = PBXFileReference; lastKnownFileType = sourcecode.swift; path = ShoppingCardView.swift; sourceTree = "<group>"; };
		8D93D5902484A96200EA7360 /* MarketView.swift */ = {isa = PBXFileReference; lastKnownFileType = sourcecode.swift; path = MarketView.swift; sourceTree = "<group>"; };
		8D93D5982484BDEB00EA7360 /* MainTabView.swift */ = {isa = PBXFileReference; lastKnownFileType = sourcecode.swift; path = MainTabView.swift; sourceTree = "<group>"; };
		8DD8DCEA24809F1F00B216A7 /* SocialLogin.swift */ = {isa = PBXFileReference; lastKnownFileType = sourcecode.swift; path = SocialLogin.swift; sourceTree = "<group>"; };
		C1C6D28F206049A11C6226B3 /* Pods_Green.framework */ = {isa = PBXFileReference; explicitFileType = wrapper.framework; includeInIndex = 0; path = Pods_Green.framework; sourceTree = BUILT_PRODUCTS_DIR; };
/* End PBXFileReference section */

/* Begin PBXFrameworksBuildPhase section */
		8D48925B24802C2B00708BF2 /* Frameworks */ = {
			isa = PBXFrameworksBuildPhase;
			buildActionMask = 2147483647;
			files = (
				90FFB2FCC57701A4A70AC011 /* Pods_Green.framework in Frameworks */,
			);
			runOnlyForDeploymentPostprocessing = 0;
		};
/* End PBXFrameworksBuildPhase section */

/* Begin PBXGroup section */
		6802B141F826B32771EB99E9 /* Pods */ = {
			isa = PBXGroup;
			children = (
				69530609854CB1ACCA870381 /* Pods-Green.debug.xcconfig */,
				54B4B631DBA70B7B82B21DA5 /* Pods-Green.release.xcconfig */,
			);
			path = Pods;
			sourceTree = "<group>";
		};
		8D48925524802C2B00708BF2 = {
			isa = PBXGroup;
			children = (
				8D48926024802C2B00708BF2 /* Green */,
				8D48925F24802C2B00708BF2 /* Products */,
				6802B141F826B32771EB99E9 /* Pods */,
				B6F205211BBB67EC4C625321 /* Frameworks */,
			);
			sourceTree = "<group>";
		};
		8D48925F24802C2B00708BF2 /* Products */ = {
			isa = PBXGroup;
			children = (
				8D48925E24802C2B00708BF2 /* Green.app */,
			);
			name = Products;
			sourceTree = "<group>";
		};
		8D48926024802C2B00708BF2 /* Green */ = {
			isa = PBXGroup;
			children = (
				8D48927F24806CE000708BF2 /* Network */,
				8DD8DCE524808A7100B216A7 /* SocialSignIn */,
				8D8DFBCF2481C2C70063F2E6 /* Lottie */,
				8D48927524802C3600708BF2 /* View */,
				8D48926124802C2B00708BF2 /* AppDelegate.swift */,
				8D48926324802C2B00708BF2 /* SceneDelegate.swift */,
				8D48926524802C2B00708BF2 /* ContentView.swift */,
				8D48926724802C2D00708BF2 /* Assets.xcassets */,
				8D48926C24802C2D00708BF2 /* LaunchScreen.storyboard */,
				8D48927D24806B5100708BF2 /* GoogleService-Info.plist */,
				8D48926F24802C2D00708BF2 /* Info.plist */,
				8D8DFBBE248182CE0063F2E6 /* Green.entitlements */,
				8D48926924802C2D00708BF2 /* Preview Content */,
			);
			path = Green;
			sourceTree = "<group>";
		};
		8D48926924802C2D00708BF2 /* Preview Content */ = {
			isa = PBXGroup;
			children = (
				8D48926A24802C2D00708BF2 /* Preview Assets.xcassets */,
			);
			path = "Preview Content";
			sourceTree = "<group>";
		};
		8D48927524802C3600708BF2 /* View */ = {
			isa = PBXGroup;
			children = (
				8D93D58F2484A92F00EA7360 /* Main */,
				8D8DFBD12481C2EF0063F2E6 /* Lottie */,
				8D8DFBD02481C2D80063F2E6 /* Login */,
				8D93D5982484BDEB00EA7360 /* MainTabView.swift */,
			);
			path = View;
			sourceTree = "<group>";
		};
		8D48927F24806CE000708BF2 /* Network */ = {
			isa = PBXGroup;
			children = (
				8D48928024806CF400708BF2 /* SessionStore.swift */,
			);
			path = Network;
			sourceTree = "<group>";
		};
		8D55C99A2489EEC900050546 /* Market */ = {
			isa = PBXGroup;
			children = (
				8D93D5902484A96200EA7360 /* MarketView.swift */,
				8D55C99B2489EEF200050546 /* SubSelectionsView.swift */,
				8D55C99D2489EF1200050546 /* MiddleView.swift */,
				8D55C99F2489EF3000050546 /* SearchBarAndFilterView.swift */,
			);
			path = Market;
			sourceTree = "<group>";
		};
		8D8DFBCF2481C2C70063F2E6 /* Lottie */ = {
			isa = PBXGroup;
			children = (
				8D8DFBD22481C3160063F2E6 /* loading.json */,
				8D93D5832481E1D900EA7360 /* loading1.json */,
				8D93D5852484A7F600EA7360 /* loading3.json */,
			);
			path = Lottie;
			sourceTree = "<group>";
		};
		8D8DFBD02481C2D80063F2E6 /* Login */ = {
			isa = PBXGroup;
			children = (
				8D8DFBC92481B0000063F2E6 /* SignInView.swift */,
				8D8DFBC72481AFD40063F2E6 /* SignUpSectionView.swift */,
				8D8DFBCB2481B02E0063F2E6 /* SignInWithSocialAccounts.swift */,
				8D8DFBCD2481B04E0063F2E6 /* SignInAndSignUpView.swift */,
				8D48927624802C4800708BF2 /* LoginView.swift */,
			);
			path = Login;
			sourceTree = "<group>";
		};
		8D8DFBD12481C2EF0063F2E6 /* Lottie */ = {
			isa = PBXGroup;
			children = (
				8D8DFBD62481C5A30063F2E6 /* LoadingView.swift */,
				8D8DFBD42481C3240063F2E6 /* LottieView.swift */,
			);
			path = Lottie;
			sourceTree = "<group>";
		};
		8D93D58F2484A92F00EA7360 /* Main */ = {
			isa = PBXGroup;
			children = (
				8D55C99A2489EEC900050546 /* Market */,
				8D93D5872484A8C000EA7360 /* FavoritesView.swift */,
				8D93D5892484A8E400EA7360 /* CouponsView.swift */,
				8D93D58B2484A8FA00EA7360 /* ShoppingListView.swift */,
				8D93D58D2484A91300EA7360 /* ShoppingCardView.swift */,
			);
			path = Main;
			sourceTree = "<group>";
		};
		8DD8DCE524808A7100B216A7 /* SocialSignIn */ = {
			isa = PBXGroup;
			children = (
				8DD8DCEA24809F1F00B216A7 /* SocialLogin.swift */,
				8D8DFBBF248183710063F2E6 /* SignInWithAppleButton.swift */,
				8D8DFBC524818F9D0063F2E6 /* SignInWithAppleCoordinator.swift */,
			);
			path = SocialSignIn;
			sourceTree = "<group>";
		};
		B6F205211BBB67EC4C625321 /* Frameworks */ = {
			isa = PBXGroup;
			children = (
				C1C6D28F206049A11C6226B3 /* Pods_Green.framework */,
			);
			name = Frameworks;
			sourceTree = "<group>";
		};
/* End PBXGroup section */

/* Begin PBXNativeTarget section */
		8D48925D24802C2B00708BF2 /* Green */ = {
			isa = PBXNativeTarget;
			buildConfigurationList = 8D48927224802C2D00708BF2 /* Build configuration list for PBXNativeTarget "Green" */;
			buildPhases = (
				DEBB3FA56ACA3326C573230C /* [CP] Check Pods Manifest.lock */,
				8D48925A24802C2B00708BF2 /* Sources */,
				8D48925B24802C2B00708BF2 /* Frameworks */,
				8D48925C24802C2B00708BF2 /* Resources */,
				F7F749002FA5895EC909FFD8 /* [CP] Embed Pods Frameworks */,
				9A15EA3B21C8A36058C980C1 /* [CP] Copy Pods Resources */,
			);
			buildRules = (
			);
			dependencies = (
			);
			name = Green;
			productName = Green;
			productReference = 8D48925E24802C2B00708BF2 /* Green.app */;
			productType = "com.apple.product-type.application";
		};
/* End PBXNativeTarget section */

/* Begin PBXProject section */
		8D48925624802C2B00708BF2 /* Project object */ = {
			isa = PBXProject;
			attributes = {
				LastSwiftUpdateCheck = 1140;
				LastUpgradeCheck = 1140;
				ORGANIZATIONNAME = "tilekbek kadyrov";
				TargetAttributes = {
					8D48925D24802C2B00708BF2 = {
						CreatedOnToolsVersion = 11.4.1;
					};
				};
			};
			buildConfigurationList = 8D48925924802C2B00708BF2 /* Build configuration list for PBXProject "Green" */;
			compatibilityVersion = "Xcode 9.3";
			developmentRegion = en;
			hasScannedForEncodings = 0;
			knownRegions = (
				en,
				Base,
			);
			mainGroup = 8D48925524802C2B00708BF2;
			productRefGroup = 8D48925F24802C2B00708BF2 /* Products */;
			projectDirPath = "";
			projectRoot = "";
			targets = (
				8D48925D24802C2B00708BF2 /* Green */,
			);
		};
/* End PBXProject section */

/* Begin PBXResourcesBuildPhase section */
		8D48925C24802C2B00708BF2 /* Resources */ = {
			isa = PBXResourcesBuildPhase;
			buildActionMask = 2147483647;
			files = (
				8D48926E24802C2D00708BF2 /* LaunchScreen.storyboard in Resources */,
				8D48927E24806B5100708BF2 /* GoogleService-Info.plist in Resources */,
				8D93D5862484A7F600EA7360 /* loading3.json in Resources */,
				8D93D5842481E1D900EA7360 /* loading1.json in Resources */,
				8D48926B24802C2D00708BF2 /* Preview Assets.xcassets in Resources */,
				8D48926824802C2D00708BF2 /* Assets.xcassets in Resources */,
				8D8DFBD32481C3160063F2E6 /* loading.json in Resources */,
			);
			runOnlyForDeploymentPostprocessing = 0;
		};
/* End PBXResourcesBuildPhase section */

/* Begin PBXShellScriptBuildPhase section */
		9A15EA3B21C8A36058C980C1 /* [CP] Copy Pods Resources */ = {
			isa = PBXShellScriptBuildPhase;
			buildActionMask = 2147483647;
			files = (
			);
			inputFileListPaths = (
				"${PODS_ROOT}/Target Support Files/Pods-Green/Pods-Green-resources-${CONFIGURATION}-input-files.xcfilelist",
			);
			name = "[CP] Copy Pods Resources";
			outputFileListPaths = (
				"${PODS_ROOT}/Target Support Files/Pods-Green/Pods-Green-resources-${CONFIGURATION}-output-files.xcfilelist",
			);
			runOnlyForDeploymentPostprocessing = 0;
			shellPath = /bin/sh;
			shellScript = "\"${PODS_ROOT}/Target Support Files/Pods-Green/Pods-Green-resources.sh\"\n";
			showEnvVarsInLog = 0;
		};
		DEBB3FA56ACA3326C573230C /* [CP] Check Pods Manifest.lock */ = {
			isa = PBXShellScriptBuildPhase;
			buildActionMask = 2147483647;
			files = (
			);
			inputFileListPaths = (
			);
			inputPaths = (
				"${PODS_PODFILE_DIR_PATH}/Podfile.lock",
				"${PODS_ROOT}/Manifest.lock",
			);
			name = "[CP] Check Pods Manifest.lock";
			outputFileListPaths = (
			);
			outputPaths = (
				"$(DERIVED_FILE_DIR)/Pods-Green-checkManifestLockResult.txt",
			);
			runOnlyForDeploymentPostprocessing = 0;
			shellPath = /bin/sh;
			shellScript = "diff \"${PODS_PODFILE_DIR_PATH}/Podfile.lock\" \"${PODS_ROOT}/Manifest.lock\" > /dev/null\nif [ $? != 0 ] ; then\n    # print error to STDERR\n    echo \"error: The sandbox is not in sync with the Podfile.lock. Run 'pod install' or update your CocoaPods installation.\" >&2\n    exit 1\nfi\n# This output is used by Xcode 'outputs' to avoid re-running this script phase.\necho \"SUCCESS\" > \"${SCRIPT_OUTPUT_FILE_0}\"\n";
			showEnvVarsInLog = 0;
		};
		F7F749002FA5895EC909FFD8 /* [CP] Embed Pods Frameworks */ = {
			isa = PBXShellScriptBuildPhase;
			buildActionMask = 2147483647;
			files = (
			);
			inputFileListPaths = (
				"${PODS_ROOT}/Target Support Files/Pods-Green/Pods-Green-frameworks-${CONFIGURATION}-input-files.xcfilelist",
			);
			name = "[CP] Embed Pods Frameworks";
			outputFileListPaths = (
				"${PODS_ROOT}/Target Support Files/Pods-Green/Pods-Green-frameworks-${CONFIGURATION}-output-files.xcfilelist",
			);
			runOnlyForDeploymentPostprocessing = 0;
			shellPath = /bin/sh;
			shellScript = "\"${PODS_ROOT}/Target Support Files/Pods-Green/Pods-Green-frameworks.sh\"\n";
			showEnvVarsInLog = 0;
		};
/* End PBXShellScriptBuildPhase section */

/* Begin PBXSourcesBuildPhase section */
		8D48925A24802C2B00708BF2 /* Sources */ = {
			isa = PBXSourcesBuildPhase;
			buildActionMask = 2147483647;
			files = (
				8D48926224802C2B00708BF2 /* AppDelegate.swift in Sources */,
				8D48928124806CF400708BF2 /* SessionStore.swift in Sources */,
				8D93D58E2484A91300EA7360 /* ShoppingCardView.swift in Sources */,
				8DD8DCEB24809F1F00B216A7 /* SocialLogin.swift in Sources */,
				8D8DFBC82481AFD40063F2E6 /* SignUpSectionView.swift in Sources */,
				8D48926424802C2B00708BF2 /* SceneDelegate.swift in Sources */,
				8D8DFBD72481C5A30063F2E6 /* LoadingView.swift in Sources */,
				8D48927724802C4800708BF2 /* LoginView.swift in Sources */,
				8D8DFBCE2481B04E0063F2E6 /* SignInAndSignUpView.swift in Sources */,
				8D8DFBCA2481B0000063F2E6 /* SignInView.swift in Sources */,
				8D8DFBD52481C3240063F2E6 /* LottieView.swift in Sources */,
				8D55C9A02489EF3000050546 /* SearchBarAndFilterView.swift in Sources */,
				8D93D5992484BDEB00EA7360 /* MainTabView.swift in Sources */,
				8D8DFBC624818F9D0063F2E6 /* SignInWithAppleCoordinator.swift in Sources */,
				8D93D58A2484A8E400EA7360 /* CouponsView.swift in Sources */,
				8D93D58C2484A8FA00EA7360 /* ShoppingListView.swift in Sources */,
				8D93D5882484A8C000EA7360 /* FavoritesView.swift in Sources */,
				8D8DFBC0248183710063F2E6 /* SignInWithAppleButton.swift in Sources */,
				8D48926624802C2B00708BF2 /* ContentView.swift in Sources */,
				8D55C99C2489EEF200050546 /* SubSelectionsView.swift in Sources */,
				8D55C99E2489EF1200050546 /* MiddleView.swift in Sources */,
				8D8DFBCC2481B02E0063F2E6 /* SignInWithSocialAccounts.swift in Sources */,
				8D93D5912484A96200EA7360 /* MarketView.swift in Sources */,
			);
			runOnlyForDeploymentPostprocessing = 0;
		};
/* End PBXSourcesBuildPhase section */

/* Begin PBXVariantGroup section */
		8D48926C24802C2D00708BF2 /* LaunchScreen.storyboard */ = {
			isa = PBXVariantGroup;
			children = (
				8D48926D24802C2D00708BF2 /* Base */,
			);
			name = LaunchScreen.storyboard;
			sourceTree = "<group>";
		};
/* End PBXVariantGroup section */

/* Begin XCBuildConfiguration section */
		8D48927024802C2D00708BF2 /* Debug */ = {
			isa = XCBuildConfiguration;
			buildSettings = {
				ALWAYS_SEARCH_USER_PATHS = NO;
				CLANG_ANALYZER_NONNULL = YES;
				CLANG_ANALYZER_NUMBER_OBJECT_CONVERSION = YES_AGGRESSIVE;
				CLANG_CXX_LANGUAGE_STANDARD = "gnu++14";
				CLANG_CXX_LIBRARY = "libc++";
				CLANG_ENABLE_MODULES = YES;
				CLANG_ENABLE_OBJC_ARC = YES;
				CLANG_ENABLE_OBJC_WEAK = YES;
				CLANG_WARN_BLOCK_CAPTURE_AUTORELEASING = YES;
				CLANG_WARN_BOOL_CONVERSION = YES;
				CLANG_WARN_COMMA = YES;
				CLANG_WARN_CONSTANT_CONVERSION = YES;
				CLANG_WARN_DEPRECATED_OBJC_IMPLEMENTATIONS = YES;
				CLANG_WARN_DIRECT_OBJC_ISA_USAGE = YES_ERROR;
				CLANG_WARN_DOCUMENTATION_COMMENTS = YES;
				CLANG_WARN_EMPTY_BODY = YES;
				CLANG_WARN_ENUM_CONVERSION = YES;
				CLANG_WARN_INFINITE_RECURSION = YES;
				CLANG_WARN_INT_CONVERSION = YES;
				CLANG_WARN_NON_LITERAL_NULL_CONVERSION = YES;
				CLANG_WARN_OBJC_IMPLICIT_RETAIN_SELF = YES;
				CLANG_WARN_OBJC_LITERAL_CONVERSION = YES;
				CLANG_WARN_OBJC_ROOT_CLASS = YES_ERROR;
				CLANG_WARN_RANGE_LOOP_ANALYSIS = YES;
				CLANG_WARN_STRICT_PROTOTYPES = YES;
				CLANG_WARN_SUSPICIOUS_MOVE = YES;
				CLANG_WARN_UNGUARDED_AVAILABILITY = YES_AGGRESSIVE;
				CLANG_WARN_UNREACHABLE_CODE = YES;
				CLANG_WARN__DUPLICATE_METHOD_MATCH = YES;
				COPY_PHASE_STRIP = NO;
				DEBUG_INFORMATION_FORMAT = dwarf;
				ENABLE_STRICT_OBJC_MSGSEND = YES;
				ENABLE_TESTABILITY = YES;
				GCC_C_LANGUAGE_STANDARD = gnu11;
				GCC_DYNAMIC_NO_PIC = NO;
				GCC_NO_COMMON_BLOCKS = YES;
				GCC_OPTIMIZATION_LEVEL = 0;
				GCC_PREPROCESSOR_DEFINITIONS = (
					"DEBUG=1",
					"$(inherited)",
				);
				GCC_WARN_64_TO_32_BIT_CONVERSION = YES;
				GCC_WARN_ABOUT_RETURN_TYPE = YES_ERROR;
				GCC_WARN_UNDECLARED_SELECTOR = YES;
				GCC_WARN_UNINITIALIZED_AUTOS = YES_AGGRESSIVE;
				GCC_WARN_UNUSED_FUNCTION = YES;
				GCC_WARN_UNUSED_VARIABLE = YES;
				IPHONEOS_DEPLOYMENT_TARGET = 13.4;
				MTL_ENABLE_DEBUG_INFO = INCLUDE_SOURCE;
				MTL_FAST_MATH = YES;
				ONLY_ACTIVE_ARCH = YES;
				SDKROOT = iphoneos;
				SWIFT_ACTIVE_COMPILATION_CONDITIONS = DEBUG;
				SWIFT_OPTIMIZATION_LEVEL = "-Onone";
			};
			name = Debug;
		};
		8D48927124802C2D00708BF2 /* Release */ = {
			isa = XCBuildConfiguration;
			buildSettings = {
				ALWAYS_SEARCH_USER_PATHS = NO;
				CLANG_ANALYZER_NONNULL = YES;
				CLANG_ANALYZER_NUMBER_OBJECT_CONVERSION = YES_AGGRESSIVE;
				CLANG_CXX_LANGUAGE_STANDARD = "gnu++14";
				CLANG_CXX_LIBRARY = "libc++";
				CLANG_ENABLE_MODULES = YES;
				CLANG_ENABLE_OBJC_ARC = YES;
				CLANG_ENABLE_OBJC_WEAK = YES;
				CLANG_WARN_BLOCK_CAPTURE_AUTORELEASING = YES;
				CLANG_WARN_BOOL_CONVERSION = YES;
				CLANG_WARN_COMMA = YES;
				CLANG_WARN_CONSTANT_CONVERSION = YES;
				CLANG_WARN_DEPRECATED_OBJC_IMPLEMENTATIONS = YES;
				CLANG_WARN_DIRECT_OBJC_ISA_USAGE = YES_ERROR;
				CLANG_WARN_DOCUMENTATION_COMMENTS = YES;
				CLANG_WARN_EMPTY_BODY = YES;
				CLANG_WARN_ENUM_CONVERSION = YES;
				CLANG_WARN_INFINITE_RECURSION = YES;
				CLANG_WARN_INT_CONVERSION = YES;
				CLANG_WARN_NON_LITERAL_NULL_CONVERSION = YES;
				CLANG_WARN_OBJC_IMPLICIT_RETAIN_SELF = YES;
				CLANG_WARN_OBJC_LITERAL_CONVERSION = YES;
				CLANG_WARN_OBJC_ROOT_CLASS = YES_ERROR;
				CLANG_WARN_RANGE_LOOP_ANALYSIS = YES;
				CLANG_WARN_STRICT_PROTOTYPES = YES;
				CLANG_WARN_SUSPICIOUS_MOVE = YES;
				CLANG_WARN_UNGUARDED_AVAILABILITY = YES_AGGRESSIVE;
				CLANG_WARN_UNREACHABLE_CODE = YES;
				CLANG_WARN__DUPLICATE_METHOD_MATCH = YES;
				COPY_PHASE_STRIP = NO;
				DEBUG_INFORMATION_FORMAT = "dwarf-with-dsym";
				ENABLE_NS_ASSERTIONS = NO;
				ENABLE_STRICT_OBJC_MSGSEND = YES;
				GCC_C_LANGUAGE_STANDARD = gnu11;
				GCC_NO_COMMON_BLOCKS = YES;
				GCC_WARN_64_TO_32_BIT_CONVERSION = YES;
				GCC_WARN_ABOUT_RETURN_TYPE = YES_ERROR;
				GCC_WARN_UNDECLARED_SELECTOR = YES;
				GCC_WARN_UNINITIALIZED_AUTOS = YES_AGGRESSIVE;
				GCC_WARN_UNUSED_FUNCTION = YES;
				GCC_WARN_UNUSED_VARIABLE = YES;
				IPHONEOS_DEPLOYMENT_TARGET = 13.4;
				MTL_ENABLE_DEBUG_INFO = NO;
				MTL_FAST_MATH = YES;
				SDKROOT = iphoneos;
				SWIFT_COMPILATION_MODE = wholemodule;
				SWIFT_OPTIMIZATION_LEVEL = "-O";
				VALIDATE_PRODUCT = YES;
			};
			name = Release;
		};
		8D48927324802C2D00708BF2 /* Debug */ = {
			isa = XCBuildConfiguration;
			baseConfigurationReference = 69530609854CB1ACCA870381 /* Pods-Green.debug.xcconfig */;
			buildSettings = {
				ASSETCATALOG_COMPILER_APPICON_NAME = AppIcon;
				CODE_SIGN_ENTITLEMENTS = Green/Green.entitlements;
				CODE_SIGN_STYLE = Automatic;
				DEVELOPMENT_ASSET_PATHS = "\"Green/Preview Content\"";
				DEVELOPMENT_TEAM = 349FS87879;
				ENABLE_PREVIEWS = YES;
				INFOPLIST_FILE = Green/Info.plist;
				IPHONEOS_DEPLOYMENT_TARGET = 13.0;
				LD_RUNPATH_SEARCH_PATHS = (
					"$(inherited)",
					"@executable_path/Frameworks",
				);
				PRODUCT_BUNDLE_IDENTIFIER = com.quora.firstapp.Green;
				PRODUCT_NAME = "$(TARGET_NAME)";
				SWIFT_VERSION = 5.0;
				TARGETED_DEVICE_FAMILY = "1,2";
			};
			name = Debug;
		};
		8D48927424802C2D00708BF2 /* Release */ = {
			isa = XCBuildConfiguration;
			baseConfigurationReference = 54B4B631DBA70B7B82B21DA5 /* Pods-Green.release.xcconfig */;
			buildSettings = {
				ASSETCATALOG_COMPILER_APPICON_NAME = AppIcon;
				CODE_SIGN_ENTITLEMENTS = Green/Green.entitlements;
				CODE_SIGN_STYLE = Automatic;
				DEVELOPMENT_ASSET_PATHS = "\"Green/Preview Content\"";
				DEVELOPMENT_TEAM = 349FS87879;
				ENABLE_PREVIEWS = YES;
				INFOPLIST_FILE = Green/Info.plist;
				IPHONEOS_DEPLOYMENT_TARGET = 13.0;
				LD_RUNPATH_SEARCH_PATHS = (
					"$(inherited)",
					"@executable_path/Frameworks",
				);
				PRODUCT_BUNDLE_IDENTIFIER = com.quora.firstapp.Green;
				PRODUCT_NAME = "$(TARGET_NAME)";
				SWIFT_VERSION = 5.0;
				TARGETED_DEVICE_FAMILY = "1,2";
			};
			name = Release;
		};
/* End XCBuildConfiguration section */

/* Begin XCConfigurationList section */
		8D48925924802C2B00708BF2 /* Build configuration list for PBXProject "Green" */ = {
			isa = XCConfigurationList;
			buildConfigurations = (
				8D48927024802C2D00708BF2 /* Debug */,
				8D48927124802C2D00708BF2 /* Release */,
			);
			defaultConfigurationIsVisible = 0;
			defaultConfigurationName = Release;
		};
		8D48927224802C2D00708BF2 /* Build configuration list for PBXNativeTarget "Green" */ = {
			isa = XCConfigurationList;
			buildConfigurations = (
				8D48927324802C2D00708BF2 /* Debug */,
				8D48927424802C2D00708BF2 /* Release */,
			);
			defaultConfigurationIsVisible = 0;
			defaultConfigurationName = Release;
		};
/* End XCConfigurationList section */
	};
	rootObject = 8D48925624802C2B00708BF2 /* Project object */;
}
